{
  "name": "@clevercanyon/picomatch.fork",
  "version": "2.3.4",
  "lockfileVersion": 2,
  "requires": true,
  "packages": {
    "": {
      "name": "@clevercanyon/picomatch.fork",
      "version": "2.3.4",
      "license": "MIT",
      "devDependencies": {},
      "funding": {
        "url": "https://github.com/sponsors/clevercanyon"
      }
    }
  }
}
